
Microsoft Visual Studio Solution File, Format Version 12.00
# Visual Studio 15
VisualStudioVersion = 15.0.27130.2027
MinimumVisualStudioVersion = 10.0.40219.1
Project("{2150E333-8FDC-42A3-9474-1A3956D46DE8}") = "Library", "Library", "{B381CEF4-BFB7-49D7-95FA-51FB61005F26}"
EndProject
Project("{2150E333-8FDC-42A3-9474-1A3956D46DE8}") = "WebAPI", "WebAPI", "{5EF3A1F1-383A-4A22-904A-B017F920F99F}"
EndProject
Project("{2150E333-8FDC-42A3-9474-1A3956D46DE8}") = "Web", "Web", "{3169DCF1-9198-4712-A370-F80781C88200}"
EndProject
Project("{2150E333-8FDC-42A3-9474-1A3956D46DE8}") = "Tests", "Tests", "{C2F8B6BE-AB83-40A1-BBE6-D3C9FABCA5C2}"
EndProject
Project("{9A19103F-16F7-4668-BE54-9A1E7A4F7556}") = "NeonCore.WebAPI", "WebAPI\NeonCore.WebAPI\NeonCore.WebAPI.csproj", "{FFA49471-C6C6-4112-987D-F1E0E4BE2259}"
EndProject
Project("{9A19103F-16F7-4668-BE54-9A1E7A4F7556}") = "Neon.MVC", "Web\Neon.MVC\Neon.MVC.csproj", "{07970553-CC97-453C-9009-30C33A69E304}"
EndProject
Project("{9A19103F-16F7-4668-BE54-9A1E7A4F7556}") = "Neon.SPA", "Web\Neon.SPA\Neon.SPA.csproj", "{82C5ED50-5B04-4D32-AEB0-27E9FCB235F6}"
EndProject
Project("{2150E333-8FDC-42A3-9474-1A3956D46DE8}") = "Native", "Native", "{2D691B21-4F33-4144-8F55-F6163363B25C}"
EndProject
Project("{9A19103F-16F7-4668-BE54-9A1E7A4F7556}") = "NeonCore", "NeonCore\NeonCore.csproj", "{0CF8A1DA-D9D2-47B1-9139-34BD98D11C2A}"
EndProject
Project("{2150E333-8FDC-42A3-9474-1A3956D46DE8}") = "Droid", "Droid", "{83412947-8788-4493-A9CA-00BC0D11BDDB}"
EndProject
Project("{2150E333-8FDC-42A3-9474-1A3956D46DE8}") = "Windows", "Windows", "{1727FCD3-58EB-45CC-9291-713E7F18C4AF}"
EndProject
Project("{2150E333-8FDC-42A3-9474-1A3956D46DE8}") = "UWP", "UWP", "{3D392E36-E01F-4B80-93B7-B7895A54280E}"
EndProject
Project("{9A19103F-16F7-4668-BE54-9A1E7A4F7556}") = "Neon.Payment", "Neon.Payment\Neon.Payment.csproj", "{D202414E-1FD6-45D1-832A-CAE743927445}"
EndProject
Project("{9A19103F-16F7-4668-BE54-9A1E7A4F7556}") = "NeonCore.Library", "Library\NeonCore.Library\NeonCore.Library.csproj", "{265AB420-81FB-48E2-898C-ED9DDB5B69BD}"
EndProject
Project("{9A19103F-16F7-4668-BE54-9A1E7A4F7556}") = "NeonXUnit.Test", "Tests\NeonXUnit.Test\NeonXUnit.Test.csproj", "{CF0C7F99-417F-40C5-A587-1E3B2D524688}"
EndProject
Project("{2150E333-8FDC-42A3-9474-1A3956D46DE8}") = "Document", "Document", "{E7301260-FDAC-4B74-91F1-B60D3D9425C7}"
	ProjectSection(SolutionItems) = preProject
		Document\codefirst_migration_cmd.md = Document\codefirst_migration_cmd.md
		Document\database_first_migration_cmd.md = Document\database_first_migration_cmd.md
	EndProjectSection
EndProject
Project("{9A19103F-16F7-4668-BE54-9A1E7A4F7556}") = "NeonLogger", "Library\NeonLogger\NeonLogger.csproj", "{6E485908-6837-435E-97C5-8DF93ED643F7}"
EndProject
Project("{FAE04EC0-301F-11D3-BF4B-00C04F79EFBC}") = "Neon.Front.Library", "Library\Neon.Front.Library\Neon.Front.Library.csproj", "{630BECF9-C8CD-40E4-98EF-A79B0C1EB2CF}"
EndProject
Global
	GlobalSection(SolutionConfigurationPlatforms) = preSolution
		Debug|Any CPU = Debug|Any CPU
		Release|Any CPU = Release|Any CPU
	EndGlobalSection
	GlobalSection(ProjectConfigurationPlatforms) = postSolution
		{FFA49471-C6C6-4112-987D-F1E0E4BE2259}.Debug|Any CPU.ActiveCfg = Debug|Any CPU
		{FFA49471-C6C6-4112-987D-F1E0E4BE2259}.Debug|Any CPU.Build.0 = Debug|Any CPU
		{FFA49471-C6C6-4112-987D-F1E0E4BE2259}.Release|Any CPU.ActiveCfg = Release|Any CPU
		{FFA49471-C6C6-4112-987D-F1E0E4BE2259}.Release|Any CPU.Build.0 = Release|Any CPU
		{07970553-CC97-453C-9009-30C33A69E304}.Debug|Any CPU.ActiveCfg = Debug|Any CPU
		{07970553-CC97-453C-9009-30C33A69E304}.Debug|Any CPU.Build.0 = Debug|Any CPU
		{07970553-CC97-453C-9009-30C33A69E304}.Release|Any CPU.ActiveCfg = Release|Any CPU
		{07970553-CC97-453C-9009-30C33A69E304}.Release|Any CPU.Build.0 = Release|Any CPU
		{82C5ED50-5B04-4D32-AEB0-27E9FCB235F6}.Debug|Any CPU.ActiveCfg = Debug|Any CPU
		{82C5ED50-5B04-4D32-AEB0-27E9FCB235F6}.Debug|Any CPU.Build.0 = Debug|Any CPU
		{82C5ED50-5B04-4D32-AEB0-27E9FCB235F6}.Release|Any CPU.ActiveCfg = Release|Any CPU
		{82C5ED50-5B04-4D32-AEB0-27E9FCB235F6}.Release|Any CPU.Build.0 = Release|Any CPU
		{0CF8A1DA-D9D2-47B1-9139-34BD98D11C2A}.Debug|Any CPU.ActiveCfg = Debug|Any CPU
		{0CF8A1DA-D9D2-47B1-9139-34BD98D11C2A}.Debug|Any CPU.Build.0 = Debug|Any CPU
		{0CF8A1DA-D9D2-47B1-9139-34BD98D11C2A}.Release|Any CPU.ActiveCfg = Release|Any CPU
		{0CF8A1DA-D9D2-47B1-9139-34BD98D11C2A}.Release|Any CPU.Build.0 = Release|Any CPU
		{D202414E-1FD6-45D1-832A-CAE743927445}.Debug|Any CPU.ActiveCfg = Debug|Any CPU
		{D202414E-1FD6-45D1-832A-CAE743927445}.Debug|Any CPU.Build.0 = Debug|Any CPU
		{D202414E-1FD6-45D1-832A-CAE743927445}.Release|Any CPU.ActiveCfg = Release|Any CPU
		{D202414E-1FD6-45D1-832A-CAE743927445}.Release|Any CPU.Build.0 = Release|Any CPU
		{265AB420-81FB-48E2-898C-ED9DDB5B69BD}.Debug|Any CPU.ActiveCfg = Debug|Any CPU
		{265AB420-81FB-48E2-898C-ED9DDB5B69BD}.Debug|Any CPU.Build.0 = Debug|Any CPU
		{265AB420-81FB-48E2-898C-ED9DDB5B69BD}.Release|Any CPU.ActiveCfg = Release|Any CPU
		{265AB420-81FB-48E2-898C-ED9DDB5B69BD}.Release|Any CPU.Build.0 = Release|Any CPU
		{CF0C7F99-417F-40C5-A587-1E3B2D524688}.Debug|Any CPU.ActiveCfg = Debug|Any CPU
		{CF0C7F99-417F-40C5-A587-1E3B2D524688}.Debug|Any CPU.Build.0 = Debug|Any CPU
		{CF0C7F99-417F-40C5-A587-1E3B2D524688}.Release|Any CPU.ActiveCfg = Release|Any CPU
		{CF0C7F99-417F-40C5-A587-1E3B2D524688}.Release|Any CPU.Build.0 = Release|Any CPU
		{6E485908-6837-435E-97C5-8DF93ED643F7}.Debug|Any CPU.ActiveCfg = Debug|Any CPU
		{6E485908-6837-435E-97C5-8DF93ED643F7}.Debug|Any CPU.Build.0 = Debug|Any CPU
		{6E485908-6837-435E-97C5-8DF93ED643F7}.Release|Any CPU.ActiveCfg = Release|Any CPU
		{6E485908-6837-435E-97C5-8DF93ED643F7}.Release|Any CPU.Build.0 = Release|Any CPU
		{630BECF9-C8CD-40E4-98EF-A79B0C1EB2CF}.Debug|Any CPU.ActiveCfg = Debug|Any CPU
		{630BECF9-C8CD-40E4-98EF-A79B0C1EB2CF}.Debug|Any CPU.Build.0 = Debug|Any CPU
		{630BECF9-C8CD-40E4-98EF-A79B0C1EB2CF}.Release|Any CPU.ActiveCfg = Release|Any CPU
		{630BECF9-C8CD-40E4-98EF-A79B0C1EB2CF}.Release|Any CPU.Build.0 = Release|Any CPU
	EndGlobalSection
	GlobalSection(SolutionProperties) = preSolution
		HideSolutionNode = FALSE
	EndGlobalSection
	GlobalSection(NestedProjects) = preSolution
		{FFA49471-C6C6-4112-987D-F1E0E4BE2259} = {5EF3A1F1-383A-4A22-904A-B017F920F99F}
		{07970553-CC97-453C-9009-30C33A69E304} = {3169DCF1-9198-4712-A370-F80781C88200}
		{82C5ED50-5B04-4D32-AEB0-27E9FCB235F6} = {3169DCF1-9198-4712-A370-F80781C88200}
		{83412947-8788-4493-A9CA-00BC0D11BDDB} = {2D691B21-4F33-4144-8F55-F6163363B25C}
		{1727FCD3-58EB-45CC-9291-713E7F18C4AF} = {2D691B21-4F33-4144-8F55-F6163363B25C}
		{3D392E36-E01F-4B80-93B7-B7895A54280E} = {2D691B21-4F33-4144-8F55-F6163363B25C}
		{265AB420-81FB-48E2-898C-ED9DDB5B69BD} = {B381CEF4-BFB7-49D7-95FA-51FB61005F26}
		{CF0C7F99-417F-40C5-A587-1E3B2D524688} = {C2F8B6BE-AB83-40A1-BBE6-D3C9FABCA5C2}
		{6E485908-6837-435E-97C5-8DF93ED643F7} = {B381CEF4-BFB7-49D7-95FA-51FB61005F26}
		{630BECF9-C8CD-40E4-98EF-A79B0C1EB2CF} = {B381CEF4-BFB7-49D7-95FA-51FB61005F26}
	EndGlobalSection
	GlobalSection(ExtensibilityGlobals) = postSolution
		SolutionGuid = {611CEF14-FE3F-4E5C-A1DC-E2E16480826B}
	EndGlobalSection
EndGlobal
